
Microsoft Visual Studio Solution File, Format Version 12.00
# Visual Studio Version 17
VisualStudioVersion = 17.9.34728.123
MinimumVisualStudioVersion = 10.0.40219.1
Project("{2150E333-8FDC-42A3-9474-1A3956D46DE8}") = "ApiGateways", "ApiGateways", "{34E0C3EB-B354-4229-97B0-B44AF6F3A742}"
EndProject
Project("{2150E333-8FDC-42A3-9474-1A3956D46DE8}") = "Services", "Services", "{21760CE2-BF34-4A46-837E-3979BD04D213}"
EndProject
Project("{2150E333-8FDC-42A3-9474-1A3956D46DE8}") = "Data", "Data", "{DF4CDA9F-D5C1-463B-84B2-34E67D4B0A33}"
EndProject
Project("{2150E333-8FDC-42A3-9474-1A3956D46DE8}") = "WeatherForecast", "WeatherForecast", "{7ADD04A8-A84F-463B-8A28-33064BC143AF}"
EndProject
Project("{9A19103F-16F7-4668-BE54-9A1E7A4F7556}") = "WeatherForecast.API", "Services\WeatherForecast\WeatherForecast.API\WeatherForecast.API.csproj", "{55179E28-1E1C-4DC3-B387-0E4514F1CA86}"
EndProject
Project("{2150E333-8FDC-42A3-9474-1A3956D46DE8}") = "RabbitMQ", "RabbitMQ", "{67C0C6AE-CC23-4A0D-B39F-F069E1E28DDA}"
EndProject
Project("{9A19103F-16F7-4668-BE54-9A1E7A4F7556}") = "RabbitMQ", "RabbitMQ\RabbitMQ\RabbitMQ.csproj", "{95B9C7BB-926C-489F-BB3D-0B44421CD15A}"
EndProject
Project("{9A19103F-16F7-4668-BE54-9A1E7A4F7556}") = "Data", "Services\Data\Data\Data.csproj", "{BE543796-124B-4A85-B9C7-FD80FF724514}"
EndProject
Project("{2150E333-8FDC-42A3-9474-1A3956D46DE8}") = "Worker", "Worker", "{2B8E0E5E-288A-4750-B63F-FB5FAB7744BC}"
EndProject
Project("{9A19103F-16F7-4668-BE54-9A1E7A4F7556}") = "Worker", "Services\Worker\Worker\Worker.csproj", "{66C45355-41E2-4D28-B4C7-8695666C2954}"
EndProject
Project("{9A19103F-16F7-4668-BE54-9A1E7A4F7556}") = "OcelotApiGateway", "ApiGateways\OcelotApiGateway\OcelotApiGateway.csproj", "{E5322E2F-397A-4BEE-8562-3DD2B611F649}"
EndProject
Global
	GlobalSection(SolutionConfigurationPlatforms) = preSolution
		Debug|Any CPU = Debug|Any CPU
		Release|Any CPU = Release|Any CPU
	EndGlobalSection
	GlobalSection(ProjectConfigurationPlatforms) = postSolution
		{55179E28-1E1C-4DC3-B387-0E4514F1CA86}.Debug|Any CPU.ActiveCfg = Debug|Any CPU
		{55179E28-1E1C-4DC3-B387-0E4514F1CA86}.Debug|Any CPU.Build.0 = Debug|Any CPU
		{55179E28-1E1C-4DC3-B387-0E4514F1CA86}.Release|Any CPU.ActiveCfg = Release|Any CPU
		{55179E28-1E1C-4DC3-B387-0E4514F1CA86}.Release|Any CPU.Build.0 = Release|Any CPU
		{95B9C7BB-926C-489F-BB3D-0B44421CD15A}.Debug|Any CPU.ActiveCfg = Debug|Any CPU
		{95B9C7BB-926C-489F-BB3D-0B44421CD15A}.Debug|Any CPU.Build.0 = Debug|Any CPU
		{95B9C7BB-926C-489F-BB3D-0B44421CD15A}.Release|Any CPU.ActiveCfg = Release|Any CPU
		{95B9C7BB-926C-489F-BB3D-0B44421CD15A}.Release|Any CPU.Build.0 = Release|Any CPU
		{BE543796-124B-4A85-B9C7-FD80FF724514}.Debug|Any CPU.ActiveCfg = Debug|Any CPU
		{BE543796-124B-4A85-B9C7-FD80FF724514}.Debug|Any CPU.Build.0 = Debug|Any CPU
		{BE543796-124B-4A85-B9C7-FD80FF724514}.Release|Any CPU.ActiveCfg = Release|Any CPU
		{BE543796-124B-4A85-B9C7-FD80FF724514}.Release|Any CPU.Build.0 = Release|Any CPU
		{66C45355-41E2-4D28-B4C7-8695666C2954}.Debug|Any CPU.ActiveCfg = Debug|Any CPU
		{66C45355-41E2-4D28-B4C7-8695666C2954}.Debug|Any CPU.Build.0 = Debug|Any CPU
		{66C45355-41E2-4D28-B4C7-8695666C2954}.Release|Any CPU.ActiveCfg = Release|Any CPU
		{66C45355-41E2-4D28-B4C7-8695666C2954}.Release|Any CPU.Build.0 = Release|Any CPU
		{E5322E2F-397A-4BEE-8562-3DD2B611F649}.Debug|Any CPU.ActiveCfg = Debug|Any CPU
		{E5322E2F-397A-4BEE-8562-3DD2B611F649}.Debug|Any CPU.Build.0 = Debug|Any CPU
		{E5322E2F-397A-4BEE-8562-3DD2B611F649}.Release|Any CPU.ActiveCfg = Release|Any CPU
		{E5322E2F-397A-4BEE-8562-3DD2B611F649}.Release|Any CPU.Build.0 = Release|Any CPU
	EndGlobalSection
	GlobalSection(SolutionProperties) = preSolution
		HideSolutionNode = FALSE
	EndGlobalSection
	GlobalSection(NestedProjects) = preSolution
		{DF4CDA9F-D5C1-463B-84B2-34E67D4B0A33} = {21760CE2-BF34-4A46-837E-3979BD04D213}
		{7ADD04A8-A84F-463B-8A28-33064BC143AF} = {21760CE2-BF34-4A46-837E-3979BD04D213}
		{55179E28-1E1C-4DC3-B387-0E4514F1CA86} = {7ADD04A8-A84F-463B-8A28-33064BC143AF}
		{95B9C7BB-926C-489F-BB3D-0B44421CD15A} = {67C0C6AE-CC23-4A0D-B39F-F069E1E28DDA}
		{BE543796-124B-4A85-B9C7-FD80FF724514} = {DF4CDA9F-D5C1-463B-84B2-34E67D4B0A33}
		{2B8E0E5E-288A-4750-B63F-FB5FAB7744BC} = {21760CE2-BF34-4A46-837E-3979BD04D213}
		{66C45355-41E2-4D28-B4C7-8695666C2954} = {2B8E0E5E-288A-4750-B63F-FB5FAB7744BC}
		{E5322E2F-397A-4BEE-8562-3DD2B611F649} = {34E0C3EB-B354-4229-97B0-B44AF6F3A742}
	EndGlobalSection
	GlobalSection(ExtensibilityGlobals) = postSolution
		SolutionGuid = {4983BB16-F0B4-42E0-ACE5-A4062EE69D9A}
	EndGlobalSection
EndGlobal
