
Microsoft Visual Studio Solution File, Format Version 12.00
# Visual Studio Version 17
VisualStudioVersion = 17.9.34728.123
MinimumVisualStudioVersion = 10.0.40219.1
Project("{2150E333-8FDC-42A3-9474-1A3956D46DE8}") = "ApiGateways", "ApiGateways", "{34E0C3EB-B354-4229-97B0-B44AF6F3A742}"
EndProject
Project("{9A19103F-16F7-4668-BE54-9A1E7A4F7556}") = "YarpApiGateway", "ApiGateways\YarpApiGateway\YarpApiGateway.csproj", "{965D9FF9-D997-4875-89C9-BEBDF7D407FF}"
EndProject
Project("{2150E333-8FDC-42A3-9474-1A3956D46DE8}") = "Services", "Services", "{21760CE2-BF34-4A46-837E-3979BD04D213}"
EndProject
Project("{2150E333-8FDC-42A3-9474-1A3956D46DE8}") = "Data", "Data", "{DF4CDA9F-D5C1-463B-84B2-34E67D4B0A33}"
EndProject
Project("{9A19103F-16F7-4668-BE54-9A1E7A4F7556}") = "Data.API", "Services\Data\Data.API\Data.API.csproj", "{ECE2B046-6243-49C0-A4FF-B7F87AAC0180}"
EndProject
Project("{2150E333-8FDC-42A3-9474-1A3956D46DE8}") = "WeatherForecast", "WeatherForecast", "{7ADD04A8-A84F-463B-8A28-33064BC143AF}"
EndProject
Project("{FAE04EC0-301F-11D3-BF4B-00C04F79EFBC}") = "WeatherForecast.API", "Services\WeatherForecast\WeatherForecast.API\WeatherForecast.API.csproj", "{55179E28-1E1C-4DC3-B387-0E4514F1CA86}"
EndProject
Project("{FAE04EC0-301F-11D3-BF4B-00C04F79EFBC}") = "WeatherForecast.Application", "Services\WeatherForecast\WeatherForecast.Application\WeatherForecast.Application.csproj", "{65879AEA-4818-4B83-A7F6-A45465A7C5E8}"
EndProject
Project("{FAE04EC0-301F-11D3-BF4B-00C04F79EFBC}") = "WeatherForecast.Domain", "Services\WeatherForecast\WeatherForecast.Domain\WeatherForecast.Domain.csproj", "{AB1932CA-A4F2-48BB-BD9C-9BB9E9D3AA2D}"
EndProject
Project("{FAE04EC0-301F-11D3-BF4B-00C04F79EFBC}") = "WeatherForecast.Infrastructure", "Services\WeatherForecast\WeatherForecast.Infrastructure\WeatherForecast.Infrastructure.csproj", "{BF109F54-B132-4AA4-AB08-D552678963E1}"
EndProject
Project("{2150E333-8FDC-42A3-9474-1A3956D46DE8}") = "Place", "Place", "{D6CEC3DF-0281-43D5-A4A2-593A3C22E010}"
EndProject
Project("{FAE04EC0-301F-11D3-BF4B-00C04F79EFBC}") = "Place.API", "Services\Place\Place.API\Place.API.csproj", "{1D3C5020-C0AD-46A5-96CC-F1F51B4FFEB4}"
EndProject
Global
	GlobalSection(SolutionConfigurationPlatforms) = preSolution
		Debug|Any CPU = Debug|Any CPU
		Release|Any CPU = Release|Any CPU
	EndGlobalSection
	GlobalSection(ProjectConfigurationPlatforms) = postSolution
		{965D9FF9-D997-4875-89C9-BEBDF7D407FF}.Debug|Any CPU.ActiveCfg = Debug|Any CPU
		{965D9FF9-D997-4875-89C9-BEBDF7D407FF}.Debug|Any CPU.Build.0 = Debug|Any CPU
		{965D9FF9-D997-4875-89C9-BEBDF7D407FF}.Release|Any CPU.ActiveCfg = Release|Any CPU
		{965D9FF9-D997-4875-89C9-BEBDF7D407FF}.Release|Any CPU.Build.0 = Release|Any CPU
		{ECE2B046-6243-49C0-A4FF-B7F87AAC0180}.Debug|Any CPU.ActiveCfg = Debug|Any CPU
		{ECE2B046-6243-49C0-A4FF-B7F87AAC0180}.Debug|Any CPU.Build.0 = Debug|Any CPU
		{ECE2B046-6243-49C0-A4FF-B7F87AAC0180}.Release|Any CPU.ActiveCfg = Release|Any CPU
		{ECE2B046-6243-49C0-A4FF-B7F87AAC0180}.Release|Any CPU.Build.0 = Release|Any CPU
		{55179E28-1E1C-4DC3-B387-0E4514F1CA86}.Debug|Any CPU.ActiveCfg = Debug|Any CPU
		{55179E28-1E1C-4DC3-B387-0E4514F1CA86}.Debug|Any CPU.Build.0 = Debug|Any CPU
		{55179E28-1E1C-4DC3-B387-0E4514F1CA86}.Release|Any CPU.ActiveCfg = Release|Any CPU
		{55179E28-1E1C-4DC3-B387-0E4514F1CA86}.Release|Any CPU.Build.0 = Release|Any CPU
		{65879AEA-4818-4B83-A7F6-A45465A7C5E8}.Debug|Any CPU.ActiveCfg = Debug|Any CPU
		{65879AEA-4818-4B83-A7F6-A45465A7C5E8}.Debug|Any CPU.Build.0 = Debug|Any CPU
		{65879AEA-4818-4B83-A7F6-A45465A7C5E8}.Release|Any CPU.ActiveCfg = Release|Any CPU
		{65879AEA-4818-4B83-A7F6-A45465A7C5E8}.Release|Any CPU.Build.0 = Release|Any CPU
		{AB1932CA-A4F2-48BB-BD9C-9BB9E9D3AA2D}.Debug|Any CPU.ActiveCfg = Debug|Any CPU
		{AB1932CA-A4F2-48BB-BD9C-9BB9E9D3AA2D}.Debug|Any CPU.Build.0 = Debug|Any CPU
		{AB1932CA-A4F2-48BB-BD9C-9BB9E9D3AA2D}.Release|Any CPU.ActiveCfg = Release|Any CPU
		{AB1932CA-A4F2-48BB-BD9C-9BB9E9D3AA2D}.Release|Any CPU.Build.0 = Release|Any CPU
		{BF109F54-B132-4AA4-AB08-D552678963E1}.Debug|Any CPU.ActiveCfg = Debug|Any CPU
		{BF109F54-B132-4AA4-AB08-D552678963E1}.Debug|Any CPU.Build.0 = Debug|Any CPU
		{BF109F54-B132-4AA4-AB08-D552678963E1}.Release|Any CPU.ActiveCfg = Release|Any CPU
		{BF109F54-B132-4AA4-AB08-D552678963E1}.Release|Any CPU.Build.0 = Release|Any CPU
		{1D3C5020-C0AD-46A5-96CC-F1F51B4FFEB4}.Debug|Any CPU.ActiveCfg = Debug|Any CPU
		{1D3C5020-C0AD-46A5-96CC-F1F51B4FFEB4}.Debug|Any CPU.Build.0 = Debug|Any CPU
		{1D3C5020-C0AD-46A5-96CC-F1F51B4FFEB4}.Release|Any CPU.ActiveCfg = Release|Any CPU
		{1D3C5020-C0AD-46A5-96CC-F1F51B4FFEB4}.Release|Any CPU.Build.0 = Release|Any CPU
	EndGlobalSection
	GlobalSection(SolutionProperties) = preSolution
		HideSolutionNode = FALSE
	EndGlobalSection
	GlobalSection(NestedProjects) = preSolution
		{965D9FF9-D997-4875-89C9-BEBDF7D407FF} = {34E0C3EB-B354-4229-97B0-B44AF6F3A742}
		{DF4CDA9F-D5C1-463B-84B2-34E67D4B0A33} = {21760CE2-BF34-4A46-837E-3979BD04D213}
		{ECE2B046-6243-49C0-A4FF-B7F87AAC0180} = {DF4CDA9F-D5C1-463B-84B2-34E67D4B0A33}
		{7ADD04A8-A84F-463B-8A28-33064BC143AF} = {21760CE2-BF34-4A46-837E-3979BD04D213}
		{55179E28-1E1C-4DC3-B387-0E4514F1CA86} = {7ADD04A8-A84F-463B-8A28-33064BC143AF}
		{65879AEA-4818-4B83-A7F6-A45465A7C5E8} = {7ADD04A8-A84F-463B-8A28-33064BC143AF}
		{AB1932CA-A4F2-48BB-BD9C-9BB9E9D3AA2D} = {7ADD04A8-A84F-463B-8A28-33064BC143AF}
		{BF109F54-B132-4AA4-AB08-D552678963E1} = {7ADD04A8-A84F-463B-8A28-33064BC143AF}
		{D6CEC3DF-0281-43D5-A4A2-593A3C22E010} = {21760CE2-BF34-4A46-837E-3979BD04D213}
		{1D3C5020-C0AD-46A5-96CC-F1F51B4FFEB4} = {D6CEC3DF-0281-43D5-A4A2-593A3C22E010}
	EndGlobalSection
	GlobalSection(ExtensibilityGlobals) = postSolution
		SolutionGuid = {4983BB16-F0B4-42E0-ACE5-A4062EE69D9A}
	EndGlobalSection
EndGlobal
