
Microsoft Visual Studio Solution File, Format Version 12.00
# Visual Studio Version 17
VisualStudioVersion = 17.9.34728.123
MinimumVisualStudioVersion = 10.0.40219.1
Project("{2150E333-8FDC-42A3-9474-1A3956D46DE8}") = "EventBus", "EventBus", "{00ABD888-9632-444B-8304-A343035A4F84}"
EndProject
Project("{9A19103F-16F7-4668-BE54-9A1E7A4F7556}") = "EventBus", "EventBus\EventBus\EventBus.csproj", "{81F6B29F-74AE-4544-A8BA-1C72368F61F6}"
EndProject
Project("{9A19103F-16F7-4668-BE54-9A1E7A4F7556}") = "EventBusRabbitMQ", "EventBus\EventBusRabbitMQ\EventBusRabbitMQ.csproj", "{5A666842-93ED-447C-9661-32CDEBD2D4B5}"
EndProject
Project("{2150E333-8FDC-42A3-9474-1A3956D46DE8}") = "ApiGateways", "ApiGateways", "{34E0C3EB-B354-4229-97B0-B44AF6F3A742}"
EndProject
Project("{9A19103F-16F7-4668-BE54-9A1E7A4F7556}") = "YarpApiGateway", "ApiGateways\YarpApiGateway\YarpApiGateway.csproj", "{965D9FF9-D997-4875-89C9-BEBDF7D407FF}"
EndProject
Project("{2150E333-8FDC-42A3-9474-1A3956D46DE8}") = "Services", "Services", "{21760CE2-BF34-4A46-837E-3979BD04D213}"
EndProject
Project("{2150E333-8FDC-42A3-9474-1A3956D46DE8}") = "Weather", "Weather", "{EF59148A-E492-40EE-828C-EF4ABAA9EECF}"
EndProject
Project("{9A19103F-16F7-4668-BE54-9A1E7A4F7556}") = "Weather.API", "Services\Weather\Weather.API\Weather.API.csproj", "{84EDCB21-EA2E-4E2C-9214-B2831182A61C}"
EndProject
Project("{9A19103F-16F7-4668-BE54-9A1E7A4F7556}") = "Weather.Application", "Services\Weather\Weather.Application\Weather.Application.csproj", "{2954C870-DF60-49DA-B07D-3252E5B2E38F}"
EndProject
Project("{9A19103F-16F7-4668-BE54-9A1E7A4F7556}") = "Weather.Domain", "Services\Weather\Weather.Domain\Weather.Domain.csproj", "{31FDBAFD-E3ED-427E-ADA1-CF5B0B113644}"
EndProject
Project("{9A19103F-16F7-4668-BE54-9A1E7A4F7556}") = "Weather.Infrastructure", "Services\Weather\Weather.Infrastructure\Weather.Infrastructure.csproj", "{75EBC703-78DA-46B9-B1ED-1C77E95AB425}"
EndProject
Project("{2150E333-8FDC-42A3-9474-1A3956D46DE8}") = "Data", "Data", "{DF4CDA9F-D5C1-463B-84B2-34E67D4B0A33}"
EndProject
Project("{FAE04EC0-301F-11D3-BF4B-00C04F79EFBC}") = "Data.API", "Services\Data\Data.API\Data.API.csproj", "{ECE2B046-6243-49C0-A4FF-B7F87AAC0180}"
EndProject
Global
	GlobalSection(SolutionConfigurationPlatforms) = preSolution
		Debug|Any CPU = Debug|Any CPU
		Release|Any CPU = Release|Any CPU
	EndGlobalSection
	GlobalSection(ProjectConfigurationPlatforms) = postSolution
		{81F6B29F-74AE-4544-A8BA-1C72368F61F6}.Debug|Any CPU.ActiveCfg = Debug|Any CPU
		{81F6B29F-74AE-4544-A8BA-1C72368F61F6}.Debug|Any CPU.Build.0 = Debug|Any CPU
		{81F6B29F-74AE-4544-A8BA-1C72368F61F6}.Release|Any CPU.ActiveCfg = Release|Any CPU
		{81F6B29F-74AE-4544-A8BA-1C72368F61F6}.Release|Any CPU.Build.0 = Release|Any CPU
		{5A666842-93ED-447C-9661-32CDEBD2D4B5}.Debug|Any CPU.ActiveCfg = Debug|Any CPU
		{5A666842-93ED-447C-9661-32CDEBD2D4B5}.Debug|Any CPU.Build.0 = Debug|Any CPU
		{5A666842-93ED-447C-9661-32CDEBD2D4B5}.Release|Any CPU.ActiveCfg = Release|Any CPU
		{5A666842-93ED-447C-9661-32CDEBD2D4B5}.Release|Any CPU.Build.0 = Release|Any CPU
		{965D9FF9-D997-4875-89C9-BEBDF7D407FF}.Debug|Any CPU.ActiveCfg = Debug|Any CPU
		{965D9FF9-D997-4875-89C9-BEBDF7D407FF}.Debug|Any CPU.Build.0 = Debug|Any CPU
		{965D9FF9-D997-4875-89C9-BEBDF7D407FF}.Release|Any CPU.ActiveCfg = Release|Any CPU
		{965D9FF9-D997-4875-89C9-BEBDF7D407FF}.Release|Any CPU.Build.0 = Release|Any CPU
		{84EDCB21-EA2E-4E2C-9214-B2831182A61C}.Debug|Any CPU.ActiveCfg = Debug|Any CPU
		{84EDCB21-EA2E-4E2C-9214-B2831182A61C}.Debug|Any CPU.Build.0 = Debug|Any CPU
		{84EDCB21-EA2E-4E2C-9214-B2831182A61C}.Release|Any CPU.ActiveCfg = Release|Any CPU
		{84EDCB21-EA2E-4E2C-9214-B2831182A61C}.Release|Any CPU.Build.0 = Release|Any CPU
		{2954C870-DF60-49DA-B07D-3252E5B2E38F}.Debug|Any CPU.ActiveCfg = Debug|Any CPU
		{2954C870-DF60-49DA-B07D-3252E5B2E38F}.Debug|Any CPU.Build.0 = Debug|Any CPU
		{2954C870-DF60-49DA-B07D-3252E5B2E38F}.Release|Any CPU.ActiveCfg = Release|Any CPU
		{2954C870-DF60-49DA-B07D-3252E5B2E38F}.Release|Any CPU.Build.0 = Release|Any CPU
		{31FDBAFD-E3ED-427E-ADA1-CF5B0B113644}.Debug|Any CPU.ActiveCfg = Debug|Any CPU
		{31FDBAFD-E3ED-427E-ADA1-CF5B0B113644}.Debug|Any CPU.Build.0 = Debug|Any CPU
		{31FDBAFD-E3ED-427E-ADA1-CF5B0B113644}.Release|Any CPU.ActiveCfg = Release|Any CPU
		{31FDBAFD-E3ED-427E-ADA1-CF5B0B113644}.Release|Any CPU.Build.0 = Release|Any CPU
		{75EBC703-78DA-46B9-B1ED-1C77E95AB425}.Debug|Any CPU.ActiveCfg = Debug|Any CPU
		{75EBC703-78DA-46B9-B1ED-1C77E95AB425}.Debug|Any CPU.Build.0 = Debug|Any CPU
		{75EBC703-78DA-46B9-B1ED-1C77E95AB425}.Release|Any CPU.ActiveCfg = Release|Any CPU
		{75EBC703-78DA-46B9-B1ED-1C77E95AB425}.Release|Any CPU.Build.0 = Release|Any CPU
		{ECE2B046-6243-49C0-A4FF-B7F87AAC0180}.Debug|Any CPU.ActiveCfg = Debug|Any CPU
		{ECE2B046-6243-49C0-A4FF-B7F87AAC0180}.Debug|Any CPU.Build.0 = Debug|Any CPU
		{ECE2B046-6243-49C0-A4FF-B7F87AAC0180}.Release|Any CPU.ActiveCfg = Release|Any CPU
		{ECE2B046-6243-49C0-A4FF-B7F87AAC0180}.Release|Any CPU.Build.0 = Release|Any CPU
	EndGlobalSection
	GlobalSection(SolutionProperties) = preSolution
		HideSolutionNode = FALSE
	EndGlobalSection
	GlobalSection(NestedProjects) = preSolution
		{81F6B29F-74AE-4544-A8BA-1C72368F61F6} = {00ABD888-9632-444B-8304-A343035A4F84}
		{5A666842-93ED-447C-9661-32CDEBD2D4B5} = {00ABD888-9632-444B-8304-A343035A4F84}
		{965D9FF9-D997-4875-89C9-BEBDF7D407FF} = {34E0C3EB-B354-4229-97B0-B44AF6F3A742}
		{EF59148A-E492-40EE-828C-EF4ABAA9EECF} = {21760CE2-BF34-4A46-837E-3979BD04D213}
		{84EDCB21-EA2E-4E2C-9214-B2831182A61C} = {EF59148A-E492-40EE-828C-EF4ABAA9EECF}
		{2954C870-DF60-49DA-B07D-3252E5B2E38F} = {EF59148A-E492-40EE-828C-EF4ABAA9EECF}
		{31FDBAFD-E3ED-427E-ADA1-CF5B0B113644} = {EF59148A-E492-40EE-828C-EF4ABAA9EECF}
		{75EBC703-78DA-46B9-B1ED-1C77E95AB425} = {EF59148A-E492-40EE-828C-EF4ABAA9EECF}
		{DF4CDA9F-D5C1-463B-84B2-34E67D4B0A33} = {21760CE2-BF34-4A46-837E-3979BD04D213}
		{ECE2B046-6243-49C0-A4FF-B7F87AAC0180} = {DF4CDA9F-D5C1-463B-84B2-34E67D4B0A33}
	EndGlobalSection
	GlobalSection(ExtensibilityGlobals) = postSolution
		SolutionGuid = {4983BB16-F0B4-42E0-ACE5-A4062EE69D9A}
	EndGlobalSection
EndGlobal
